
Microsoft Visual Studio Solution File, Format Version 12.00
# Visual Studio Version 16
VisualStudioVersion = 25.0.1706.0
MinimumVisualStudioVersion = 10.0.40219.1
Project("{FAE04EC0-301F-11D3-BF4B-00C04F79EFBC}") = "Parks.Contract", "Parks.Contract\Parks.Contract.csproj", "{113C6B48-76B8-433D-91C7-811F46A620AD}"
EndProject
Project("{FAE04EC0-301F-11D3-BF4B-00C04F79EFBC}") = "Parks.Domain", "Parks.Domain\Parks.Domain.csproj", "{CC4A1A1B-28BD-401F-AA8A-A2B650211894}"
EndProject
Project("{FAE04EC0-301F-11D3-BF4B-00C04F79EFBC}") = "Parks.Server", "Parks.Server\Parks.Server.csproj", "{BC604EBF-5DEE-4C4B-BFBF-112BDDF4087D}"
EndProject
Project("{FAE04EC0-301F-11D3-BF4B-00C04F79EFBC}") = "Parks.Repository", "Parks.Repository\Parks.Repository.csproj", "{5A320369-EB57-4D90-892D-C9DF78A5929B}"
EndProject
Project("{FAE04EC0-301F-11D3-BF4B-00C04F79EFBC}") = "Parks.Test", "Parks.Test\Parks.Test.csproj", "{562D047B-8A4B-4096-9453-13161B217BD4}"
EndProject
Global
	GlobalSection(SolutionConfigurationPlatforms) = preSolution
		Debug|Any CPU = Debug|Any CPU
		Release|Any CPU = Release|Any CPU
	EndGlobalSection
	GlobalSection(ProjectConfigurationPlatforms) = postSolution
		{113C6B48-76B8-433D-91C7-811F46A620AD}.Debug|Any CPU.ActiveCfg = Debug|Any CPU
		{113C6B48-76B8-433D-91C7-811F46A620AD}.Debug|Any CPU.Build.0 = Debug|Any CPU
		{113C6B48-76B8-433D-91C7-811F46A620AD}.Release|Any CPU.ActiveCfg = Release|Any CPU
		{113C6B48-76B8-433D-91C7-811F46A620AD}.Release|Any CPU.Build.0 = Release|Any CPU
		{CC4A1A1B-28BD-401F-AA8A-A2B650211894}.Debug|Any CPU.ActiveCfg = Debug|Any CPU
		{CC4A1A1B-28BD-401F-AA8A-A2B650211894}.Debug|Any CPU.Build.0 = Debug|Any CPU
		{CC4A1A1B-28BD-401F-AA8A-A2B650211894}.Release|Any CPU.ActiveCfg = Release|Any CPU
		{CC4A1A1B-28BD-401F-AA8A-A2B650211894}.Release|Any CPU.Build.0 = Release|Any CPU
		{BC604EBF-5DEE-4C4B-BFBF-112BDDF4087D}.Debug|Any CPU.ActiveCfg = Debug|Any CPU
		{BC604EBF-5DEE-4C4B-BFBF-112BDDF4087D}.Debug|Any CPU.Build.0 = Debug|Any CPU
		{BC604EBF-5DEE-4C4B-BFBF-112BDDF4087D}.Release|Any CPU.ActiveCfg = Release|Any CPU
		{BC604EBF-5DEE-4C4B-BFBF-112BDDF4087D}.Release|Any CPU.Build.0 = Release|Any CPU
		{5A320369-EB57-4D90-892D-C9DF78A5929B}.Debug|Any CPU.ActiveCfg = Debug|Any CPU
		{5A320369-EB57-4D90-892D-C9DF78A5929B}.Debug|Any CPU.Build.0 = Debug|Any CPU
		{5A320369-EB57-4D90-892D-C9DF78A5929B}.Release|Any CPU.ActiveCfg = Release|Any CPU
		{5A320369-EB57-4D90-892D-C9DF78A5929B}.Release|Any CPU.Build.0 = Release|Any CPU
		{562D047B-8A4B-4096-9453-13161B217BD4}.Debug|Any CPU.ActiveCfg = Debug|Any CPU
		{562D047B-8A4B-4096-9453-13161B217BD4}.Debug|Any CPU.Build.0 = Debug|Any CPU
		{562D047B-8A4B-4096-9453-13161B217BD4}.Release|Any CPU.ActiveCfg = Release|Any CPU
		{562D047B-8A4B-4096-9453-13161B217BD4}.Release|Any CPU.Build.0 = Release|Any CPU
	EndGlobalSection
	GlobalSection(SolutionProperties) = preSolution
		HideSolutionNode = FALSE
	EndGlobalSection
	GlobalSection(ExtensibilityGlobals) = postSolution
		SolutionGuid = {B2759D01-033B-4B9F-A7BC-6F995FDA122B}
	EndGlobalSection
EndGlobal
