
Microsoft Visual Studio Solution File, Format Version 12.00
# Visual Studio Version 16
VisualStudioVersion = 25.0.1706.0
MinimumVisualStudioVersion = 10.0.40219.1
Project("{FAE04EC0-301F-11D3-BF4B-00C04F79EFBC}") = "Parks.Repository", "Parks.Repository.csproj", "{43307791-6181-45AC-A949-343C165CF276}"
EndProject
Global
	GlobalSection(SolutionConfigurationPlatforms) = preSolution
		Debug|Any CPU = Debug|Any CPU
		Release|Any CPU = Release|Any CPU
	EndGlobalSection
	GlobalSection(ProjectConfigurationPlatforms) = postSolution
		{43307791-6181-45AC-A949-343C165CF276}.Debug|Any CPU.ActiveCfg = Debug|Any CPU
		{43307791-6181-45AC-A949-343C165CF276}.Debug|Any CPU.Build.0 = Debug|Any CPU
		{43307791-6181-45AC-A949-343C165CF276}.Release|Any CPU.ActiveCfg = Release|Any CPU
		{43307791-6181-45AC-A949-343C165CF276}.Release|Any CPU.Build.0 = Release|Any CPU
	EndGlobalSection
	GlobalSection(SolutionProperties) = preSolution
		HideSolutionNode = FALSE
	EndGlobalSection
	GlobalSection(ExtensibilityGlobals) = postSolution
		SolutionGuid = {7B961EFF-2299-4A64-B680-368775B8AD6C}
	EndGlobalSection
EndGlobal
